
Microsoft Visual Studio Solution File, Format Version 12.00
# Visual Studio Version 16
VisualStudioVersion = 16.0.32901.82
MinimumVisualStudioVersion = 10.0.40219.1
Project("{FAE04EC0-301F-11D3-BF4B-00C04F79EFBC}") = "WpfPracticeDemo", "WpfPracticeDemo\WpfPracticeDemo.csproj", "{D2D22506-F8FC-4151-B018-30440730DBBE}"
EndProject
Global
	GlobalSection(SolutionConfigurationPlatforms) = preSolution
		Debug|Any CPU = Debug|Any CPU
		Release|Any CPU = Release|Any CPU
	EndGlobalSection
	GlobalSection(ProjectConfigurationPlatforms) = postSolution
		{D2D22506-F8FC-4151-B018-30440730DBBE}.Debug|Any CPU.ActiveCfg = Debug|Any CPU
		{D2D22506-F8FC-4151-B018-30440730DBBE}.Debug|Any CPU.Build.0 = Debug|Any CPU
		{D2D22506-F8FC-4151-B018-30440730DBBE}.Release|Any CPU.ActiveCfg = Release|Any CPU
		{D2D22506-F8FC-4151-B018-30440730DBBE}.Release|Any CPU.Build.0 = Release|Any CPU
	EndGlobalSection
	GlobalSection(SolutionProperties) = preSolution
		HideSolutionNode = FALSE
	EndGlobalSection
	GlobalSection(ExtensibilityGlobals) = postSolution
		SolutionGuid = {361527E3-14BE-4A2E-BA0D-971212ADB64E}
	EndGlobalSection
EndGlobal
